
Microsoft Visual Studio Solution File, Format Version 12.00
# Visual Studio Version 17
VisualStudioVersion = 17.5.33502.453
MinimumVisualStudioVersion = 10.0.40219.1
Project("{FAE04EC0-301F-11D3-BF4B-00C04F79EFBC}") = "Zadanie 8 v2", "Zadanie 8 v2.csproj", "{B54CAA1B-6D6C-441B-A1FF-2768AC61A82C}"
EndProject
Global
	GlobalSection(SolutionConfigurationPlatforms) = preSolution
		Debug|Any CPU = Debug|Any CPU
		Release|Any CPU = Release|Any CPU
	EndGlobalSection
	GlobalSection(ProjectConfigurationPlatforms) = postSolution
		{B54CAA1B-6D6C-441B-A1FF-2768AC61A82C}.Debug|Any CPU.ActiveCfg = Debug|Any CPU
		{B54CAA1B-6D6C-441B-A1FF-2768AC61A82C}.Debug|Any CPU.Build.0 = Debug|Any CPU
		{B54CAA1B-6D6C-441B-A1FF-2768AC61A82C}.Release|Any CPU.ActiveCfg = Release|Any CPU
		{B54CAA1B-6D6C-441B-A1FF-2768AC61A82C}.Release|Any CPU.Build.0 = Release|Any CPU
	EndGlobalSection
	GlobalSection(SolutionProperties) = preSolution
		HideSolutionNode = FALSE
	EndGlobalSection
	GlobalSection(ExtensibilityGlobals) = postSolution
		SolutionGuid = {C387CBBB-A94E-46C5-A36D-151401875F51}
	EndGlobalSection
EndGlobal
