
Microsoft Visual Studio Solution File, Format Version 12.00
# Visual Studio Version 17
VisualStudioVersion = 17.5.33502.453
MinimumVisualStudioVersion = 10.0.40219.1
Project("{FAE04EC0-301F-11D3-BF4B-00C04F79EFBC}") = "tablice_10x10_wlasne_liczby", "tablice_10x10_wlasne_liczby.csproj", "{91C062F4-EE2E-475C-8278-69B63672E269}"
EndProject
Global
	GlobalSection(SolutionConfigurationPlatforms) = preSolution
		Debug|Any CPU = Debug|Any CPU
		Release|Any CPU = Release|Any CPU
	EndGlobalSection
	GlobalSection(ProjectConfigurationPlatforms) = postSolution
		{91C062F4-EE2E-475C-8278-69B63672E269}.Debug|Any CPU.ActiveCfg = Debug|Any CPU
		{91C062F4-EE2E-475C-8278-69B63672E269}.Debug|Any CPU.Build.0 = Debug|Any CPU
		{91C062F4-EE2E-475C-8278-69B63672E269}.Release|Any CPU.ActiveCfg = Release|Any CPU
		{91C062F4-EE2E-475C-8278-69B63672E269}.Release|Any CPU.Build.0 = Release|Any CPU
	EndGlobalSection
	GlobalSection(SolutionProperties) = preSolution
		HideSolutionNode = FALSE
	EndGlobalSection
	GlobalSection(ExtensibilityGlobals) = postSolution
		SolutionGuid = {BA9DDD43-DEA6-45AC-BFB1-4D9502975CB0}
	EndGlobalSection
EndGlobal
