
Microsoft Visual Studio Solution File, Format Version 12.00
# Visual Studio Version 17
VisualStudioVersion = 17.5.33502.453
MinimumVisualStudioVersion = 10.0.40219.1
Project("{FAE04EC0-301F-11D3-BF4B-00C04F79EFBC}") = "Zadanie 2", "Zadanie 2.csproj", "{1B84B2D9-24D2-4A83-966E-94EADBEC660F}"
EndProject
Global
	GlobalSection(SolutionConfigurationPlatforms) = preSolution
		Debug|Any CPU = Debug|Any CPU
		Release|Any CPU = Release|Any CPU
	EndGlobalSection
	GlobalSection(ProjectConfigurationPlatforms) = postSolution
		{1B84B2D9-24D2-4A83-966E-94EADBEC660F}.Debug|Any CPU.ActiveCfg = Debug|Any CPU
		{1B84B2D9-24D2-4A83-966E-94EADBEC660F}.Debug|Any CPU.Build.0 = Debug|Any CPU
		{1B84B2D9-24D2-4A83-966E-94EADBEC660F}.Release|Any CPU.ActiveCfg = Release|Any CPU
		{1B84B2D9-24D2-4A83-966E-94EADBEC660F}.Release|Any CPU.Build.0 = Release|Any CPU
	EndGlobalSection
	GlobalSection(SolutionProperties) = preSolution
		HideSolutionNode = FALSE
	EndGlobalSection
	GlobalSection(ExtensibilityGlobals) = postSolution
		SolutionGuid = {F022B7C7-831B-4EA6-AD6B-D4D702BB8A28}
	EndGlobalSection
EndGlobal
