
Microsoft Visual Studio Solution File, Format Version 12.00
# Visual Studio Version 17
VisualStudioVersion = 17.5.33502.453
MinimumVisualStudioVersion = 10.0.40219.1
Project("{FAE04EC0-301F-11D3-BF4B-00C04F79EFBC}") = "Zadanie 7", "Zadanie 7.csproj", "{794A89F6-AFE3-45CD-8DA5-55E0761A1F01}"
EndProject
Global
	GlobalSection(SolutionConfigurationPlatforms) = preSolution
		Debug|Any CPU = Debug|Any CPU
		Release|Any CPU = Release|Any CPU
	EndGlobalSection
	GlobalSection(ProjectConfigurationPlatforms) = postSolution
		{794A89F6-AFE3-45CD-8DA5-55E0761A1F01}.Debug|Any CPU.ActiveCfg = Debug|Any CPU
		{794A89F6-AFE3-45CD-8DA5-55E0761A1F01}.Debug|Any CPU.Build.0 = Debug|Any CPU
		{794A89F6-AFE3-45CD-8DA5-55E0761A1F01}.Release|Any CPU.ActiveCfg = Release|Any CPU
		{794A89F6-AFE3-45CD-8DA5-55E0761A1F01}.Release|Any CPU.Build.0 = Release|Any CPU
	EndGlobalSection
	GlobalSection(SolutionProperties) = preSolution
		HideSolutionNode = FALSE
	EndGlobalSection
	GlobalSection(ExtensibilityGlobals) = postSolution
		SolutionGuid = {33FE3FD1-EB12-403B-826E-2E1502C82021}
	EndGlobalSection
EndGlobal
