
Microsoft Visual Studio Solution File, Format Version 12.00
# Visual Studio Version 17
VisualStudioVersion = 17.5.33502.453
MinimumVisualStudioVersion = 10.0.40219.1
Project("{FAE04EC0-301F-11D3-BF4B-00C04F79EFBC}") = "Zadani 2", "Zadani 2.csproj", "{273B6AE6-108F-47AB-8827-93EDC2300B25}"
EndProject
Global
	GlobalSection(SolutionConfigurationPlatforms) = preSolution
		Debug|Any CPU = Debug|Any CPU
		Release|Any CPU = Release|Any CPU
	EndGlobalSection
	GlobalSection(ProjectConfigurationPlatforms) = postSolution
		{273B6AE6-108F-47AB-8827-93EDC2300B25}.Debug|Any CPU.ActiveCfg = Debug|Any CPU
		{273B6AE6-108F-47AB-8827-93EDC2300B25}.Debug|Any CPU.Build.0 = Debug|Any CPU
		{273B6AE6-108F-47AB-8827-93EDC2300B25}.Release|Any CPU.ActiveCfg = Release|Any CPU
		{273B6AE6-108F-47AB-8827-93EDC2300B25}.Release|Any CPU.Build.0 = Release|Any CPU
	EndGlobalSection
	GlobalSection(SolutionProperties) = preSolution
		HideSolutionNode = FALSE
	EndGlobalSection
	GlobalSection(ExtensibilityGlobals) = postSolution
		SolutionGuid = {C946390B-F2B0-4BFF-A4A6-2F494D11D5D3}
	EndGlobalSection
EndGlobal
