
Microsoft Visual Studio Solution File, Format Version 12.00
# Visual Studio Version 17
VisualStudioVersion = 17.5.33502.453
MinimumVisualStudioVersion = 10.0.40219.1
Project("{FAE04EC0-301F-11D3-BF4B-00C04F79EFBC}") = "Zadania 8", "Zadania 8.csproj", "{AF9B5554-6040-48C2-B857-BCAD0BDB1D0C}"
EndProject
Global
	GlobalSection(SolutionConfigurationPlatforms) = preSolution
		Debug|Any CPU = Debug|Any CPU
		Release|Any CPU = Release|Any CPU
	EndGlobalSection
	GlobalSection(ProjectConfigurationPlatforms) = postSolution
		{AF9B5554-6040-48C2-B857-BCAD0BDB1D0C}.Debug|Any CPU.ActiveCfg = Debug|Any CPU
		{AF9B5554-6040-48C2-B857-BCAD0BDB1D0C}.Debug|Any CPU.Build.0 = Debug|Any CPU
		{AF9B5554-6040-48C2-B857-BCAD0BDB1D0C}.Release|Any CPU.ActiveCfg = Release|Any CPU
		{AF9B5554-6040-48C2-B857-BCAD0BDB1D0C}.Release|Any CPU.Build.0 = Release|Any CPU
	EndGlobalSection
	GlobalSection(SolutionProperties) = preSolution
		HideSolutionNode = FALSE
	EndGlobalSection
	GlobalSection(ExtensibilityGlobals) = postSolution
		SolutionGuid = {E57FAF89-A851-45EE-9945-1B923FA68731}
	EndGlobalSection
EndGlobal
