
Microsoft Visual Studio Solution File, Format Version 12.00
# Visual Studio Version 17
VisualStudioVersion = 17.5.33502.453
MinimumVisualStudioVersion = 10.0.40219.1
Project("{FAE04EC0-301F-11D3-BF4B-00C04F79EFBC}") = "Zadanie 2 v2", "Zadanie 2 v2.csproj", "{BA595C13-D063-45DA-A3FB-7B465A07E7CC}"
EndProject
Global
	GlobalSection(SolutionConfigurationPlatforms) = preSolution
		Debug|Any CPU = Debug|Any CPU
		Release|Any CPU = Release|Any CPU
	EndGlobalSection
	GlobalSection(ProjectConfigurationPlatforms) = postSolution
		{BA595C13-D063-45DA-A3FB-7B465A07E7CC}.Debug|Any CPU.ActiveCfg = Debug|Any CPU
		{BA595C13-D063-45DA-A3FB-7B465A07E7CC}.Debug|Any CPU.Build.0 = Debug|Any CPU
		{BA595C13-D063-45DA-A3FB-7B465A07E7CC}.Release|Any CPU.ActiveCfg = Release|Any CPU
		{BA595C13-D063-45DA-A3FB-7B465A07E7CC}.Release|Any CPU.Build.0 = Release|Any CPU
	EndGlobalSection
	GlobalSection(SolutionProperties) = preSolution
		HideSolutionNode = FALSE
	EndGlobalSection
	GlobalSection(ExtensibilityGlobals) = postSolution
		SolutionGuid = {963461F7-CC34-4620-B2E8-A228530C51A5}
	EndGlobalSection
EndGlobal
